
Microsoft Visual Studio Solution File, Format Version 12.00
# Visual Studio 15
VisualStudioVersion = 15.0.28307.136
MinimumVisualStudioVersion = 10.0.40219.1
Project("{9A19103F-16F7-4668-BE54-9A1E7A4F7556}") = "Linq", "Linq.csproj", "{FEEA26FE-DABE-48F1-818B-88399C15D98C}"
EndProject
Global
	GlobalSection(SolutionConfigurationPlatforms) = preSolution
		Debug|Any CPU = Debug|Any CPU
		Release|Any CPU = Release|Any CPU
	EndGlobalSection
	GlobalSection(ProjectConfigurationPlatforms) = postSolution
		{FEEA26FE-DABE-48F1-818B-88399C15D98C}.Debug|Any CPU.ActiveCfg = Debug|Any CPU
		{FEEA26FE-DABE-48F1-818B-88399C15D98C}.Debug|Any CPU.Build.0 = Debug|Any CPU
		{FEEA26FE-DABE-48F1-818B-88399C15D98C}.Release|Any CPU.ActiveCfg = Release|Any CPU
		{FEEA26FE-DABE-48F1-818B-88399C15D98C}.Release|Any CPU.Build.0 = Release|Any CPU
	EndGlobalSection
	GlobalSection(SolutionProperties) = preSolution
		HideSolutionNode = FALSE
	EndGlobalSection
	GlobalSection(ExtensibilityGlobals) = postSolution
		SolutionGuid = {56AD031E-C5FE-4C80-8DDC-844F2C61BE56}
	EndGlobalSection
EndGlobal
